
Microsoft Visual Studio Solution File, Format Version 12.00
# Visual Studio Version 16
VisualStudioVersion = 16.0.30517.126
MinimumVisualStudioVersion = 10.0.40219.1
Project("{FAE04EC0-301F-11D3-BF4B-00C04F79EFBC}") = "VSVideoGithub", "VSVideoGithub\VSVideoGithub.csproj", "{6A630F84-35FB-4233-BC6C-533CE62E1ACA}"
EndProject
Global
	GlobalSection(SolutionConfigurationPlatforms) = preSolution
		Debug|Any CPU = Debug|Any CPU
		Release|Any CPU = Release|Any CPU
	EndGlobalSection
	GlobalSection(ProjectConfigurationPlatforms) = postSolution
		{6A630F84-35FB-4233-BC6C-533CE62E1ACA}.Debug|Any CPU.ActiveCfg = Debug|Any CPU
		{6A630F84-35FB-4233-BC6C-533CE62E1ACA}.Debug|Any CPU.Build.0 = Debug|Any CPU
		{6A630F84-35FB-4233-BC6C-533CE62E1ACA}.Release|Any CPU.ActiveCfg = Release|Any CPU
		{6A630F84-35FB-4233-BC6C-533CE62E1ACA}.Release|Any CPU.Build.0 = Release|Any CPU
	EndGlobalSection
	GlobalSection(SolutionProperties) = preSolution
		HideSolutionNode = FALSE
	EndGlobalSection
	GlobalSection(ExtensibilityGlobals) = postSolution
		SolutionGuid = {C7143A05-F487-41DA-B20B-580F47342F20}
	EndGlobalSection
EndGlobal
